schema: '2.0'
stages:
  load_data:
    cmd: python src/stage_01_load_save.py --config=config/config.yaml
    deps:
    - path: config\config.yaml
      md5: 1d4b7c58eab2726a09b8624ef43dbb0f
      size: 397
    - path: src\stage_01_load_save.py
      md5: 68fd28431bf3c219300c3a9e40244945
      size: 1577
    - path: src\utils\all_utils.py
      md5: e5673ddb8a523a5d4e36dc35108513b7
      size: 722
    outs:
    - path: artifacts\raw_local_dir\data.csv
      md5: 7d814a1bda02145efe703f4e1c01847a
      size: 93599
